
Microsoft Visual Studio Solution File, Format Version 12.00
# Visual Studio 2013
VisualStudioVersion = 12.0.40629.0
MinimumVisualStudioVersion = 10.0.40219.1
Project("{FAE04EC0-301F-11D3-BF4B-00C04F79EFBC}") = "YjjUtilities", "YjjUtilities\YjjUtilities.csproj", "{FF60FB75-B149-4858-9B41-F356632026D4}"
	ProjectSection(ProjectDependencies) = postProject
		{A61A0457-D457-47B6-8CA7-2988FDE45D9E} = {A61A0457-D457-47B6-8CA7-2988FDE45D9E}
	EndProjectSection
EndProject
Project("{FAE04EC0-301F-11D3-BF4B-00C04F79EFBC}") = "StringUtilties", "StringUtilties\StringUtilties.csproj", "{A61A0457-D457-47B6-8CA7-2988FDE45D9E}"
EndProject
Project("{FAE04EC0-301F-11D3-BF4B-00C04F79EFBC}") = "UtilitiesTest", "UtilitiesTest\UtilitiesTest.csproj", "{54CA539D-1946-4792-B9CB-DE4EED514E0F}"
	ProjectSection(ProjectDependencies) = postProject
		{FF60FB75-B149-4858-9B41-F356632026D4} = {FF60FB75-B149-4858-9B41-F356632026D4}
	EndProjectSection
EndProject
Project("{FAE04EC0-301F-11D3-BF4B-00C04F79EFBC}") = "LocalUtilties", "LocalUtilties\LocalUtilties.csproj", "{EBF56867-CD3D-4D5A-AEE8-89E3D7C7945C}"
	ProjectSection(ProjectDependencies) = postProject
		{FF60FB75-B149-4858-9B41-F356632026D4} = {FF60FB75-B149-4858-9B41-F356632026D4}
	EndProjectSection
EndProject
Global
	GlobalSection(SolutionConfigurationPlatforms) = preSolution
		Debug|Any CPU = Debug|Any CPU
		Release|Any CPU = Release|Any CPU
	EndGlobalSection
	GlobalSection(ProjectConfigurationPlatforms) = postSolution
		{FF60FB75-B149-4858-9B41-F356632026D4}.Debug|Any CPU.ActiveCfg = Debug|Any CPU
		{FF60FB75-B149-4858-9B41-F356632026D4}.Debug|Any CPU.Build.0 = Debug|Any CPU
		{FF60FB75-B149-4858-9B41-F356632026D4}.Release|Any CPU.ActiveCfg = Release|Any CPU
		{FF60FB75-B149-4858-9B41-F356632026D4}.Release|Any CPU.Build.0 = Release|Any CPU
		{A61A0457-D457-47B6-8CA7-2988FDE45D9E}.Debug|Any CPU.ActiveCfg = Debug|Any CPU
		{A61A0457-D457-47B6-8CA7-2988FDE45D9E}.Debug|Any CPU.Build.0 = Debug|Any CPU
		{A61A0457-D457-47B6-8CA7-2988FDE45D9E}.Release|Any CPU.ActiveCfg = Release|Any CPU
		{A61A0457-D457-47B6-8CA7-2988FDE45D9E}.Release|Any CPU.Build.0 = Release|Any CPU
		{54CA539D-1946-4792-B9CB-DE4EED514E0F}.Debug|Any CPU.ActiveCfg = Debug|Any CPU
		{54CA539D-1946-4792-B9CB-DE4EED514E0F}.Debug|Any CPU.Build.0 = Debug|Any CPU
		{54CA539D-1946-4792-B9CB-DE4EED514E0F}.Release|Any CPU.ActiveCfg = Release|Any CPU
		{54CA539D-1946-4792-B9CB-DE4EED514E0F}.Release|Any CPU.Build.0 = Release|Any CPU
		{EBF56867-CD3D-4D5A-AEE8-89E3D7C7945C}.Debug|Any CPU.ActiveCfg = Debug|Any CPU
		{EBF56867-CD3D-4D5A-AEE8-89E3D7C7945C}.Debug|Any CPU.Build.0 = Debug|Any CPU
		{EBF56867-CD3D-4D5A-AEE8-89E3D7C7945C}.Release|Any CPU.ActiveCfg = Release|Any CPU
		{EBF56867-CD3D-4D5A-AEE8-89E3D7C7945C}.Release|Any CPU.Build.0 = Release|Any CPU
	EndGlobalSection
	GlobalSection(SolutionProperties) = preSolution
		HideSolutionNode = FALSE
	EndGlobalSection
EndGlobal
